
Microsoft Visual Studio Solution File, Format Version 12.00
# Visual Studio Version 17
VisualStudioVersion = 17.0.31903.59
MinimumVisualStudioVersion = 10.0.40219.1
Project("{FAE04EC0-301F-11D3-BF4B-00C04F79EFBC}") = "Service", "Service\Service.csproj", "{F82A981C-4841-43E5-A90F-DD567DFE43E9}"
EndProject
Project("{FAE04EC0-301F-11D3-BF4B-00C04F79EFBC}") = "Connector", "Connector\Connector.csproj", "{03FE7CB5-D98A-4FE4-A364-381CA2DB32BA}"
EndProject
Project("{FAE04EC0-301F-11D3-BF4B-00C04F79EFBC}") = "Connector.Tests", "Connector.Tests\Connector.Tests.csproj", "{B6DB0860-09C7-48A0-B0F5-36F52737683A}"
EndProject
Global
	GlobalSection(SolutionConfigurationPlatforms) = preSolution
		Debug|Any CPU = Debug|Any CPU
		Release|Any CPU = Release|Any CPU
	EndGlobalSection
	GlobalSection(SolutionProperties) = preSolution
		HideSolutionNode = FALSE
	EndGlobalSection
	GlobalSection(ProjectConfigurationPlatforms) = postSolution
		{F82A981C-4841-43E5-A90F-DD567DFE43E9}.Debug|Any CPU.ActiveCfg = Debug|Any CPU
		{F82A981C-4841-43E5-A90F-DD567DFE43E9}.Debug|Any CPU.Build.0 = Debug|Any CPU
		{F82A981C-4841-43E5-A90F-DD567DFE43E9}.Release|Any CPU.ActiveCfg = Release|Any CPU
		{F82A981C-4841-43E5-A90F-DD567DFE43E9}.Release|Any CPU.Build.0 = Release|Any CPU
		{03FE7CB5-D98A-4FE4-A364-381CA2DB32BA}.Debug|Any CPU.ActiveCfg = Debug|Any CPU
		{03FE7CB5-D98A-4FE4-A364-381CA2DB32BA}.Debug|Any CPU.Build.0 = Debug|Any CPU
		{03FE7CB5-D98A-4FE4-A364-381CA2DB32BA}.Release|Any CPU.ActiveCfg = Release|Any CPU
		{03FE7CB5-D98A-4FE4-A364-381CA2DB32BA}.Release|Any CPU.Build.0 = Release|Any CPU
		{B6DB0860-09C7-48A0-B0F5-36F52737683A}.Debug|Any CPU.ActiveCfg = Debug|Any CPU
		{B6DB0860-09C7-48A0-B0F5-36F52737683A}.Debug|Any CPU.Build.0 = Debug|Any CPU
		{B6DB0860-09C7-48A0-B0F5-36F52737683A}.Release|Any CPU.ActiveCfg = Release|Any CPU
		{B6DB0860-09C7-48A0-B0F5-36F52737683A}.Release|Any CPU.Build.0 = Release|Any CPU
	EndGlobalSection
EndGlobal
